
Microsoft Visual Studio Solution File, Format Version 12.00
# Visual Studio Version 17
VisualStudioVersion = 17.5.33414.496
MinimumVisualStudioVersion = 10.0.40219.1
Project("{FAE04EC0-301F-11D3-BF4B-00C04F79EFBC}") = "Fight", "Fight\Fight.csproj", "{9312DC48-2795-4B1F-AFDA-8957DCAD643B}"
EndProject
Global
	GlobalSection(SolutionConfigurationPlatforms) = preSolution
		Debug|Any CPU = Debug|Any CPU
		Release|Any CPU = Release|Any CPU
	EndGlobalSection
	GlobalSection(ProjectConfigurationPlatforms) = postSolution
		{9312DC48-2795-4B1F-AFDA-8957DCAD643B}.Debug|Any CPU.ActiveCfg = Debug|Any CPU
		{9312DC48-2795-4B1F-AFDA-8957DCAD643B}.Debug|Any CPU.Build.0 = Debug|Any CPU
		{9312DC48-2795-4B1F-AFDA-8957DCAD643B}.Release|Any CPU.ActiveCfg = Release|Any CPU
		{9312DC48-2795-4B1F-AFDA-8957DCAD643B}.Release|Any CPU.Build.0 = Release|Any CPU
	EndGlobalSection
	GlobalSection(SolutionProperties) = preSolution
		HideSolutionNode = FALSE
	EndGlobalSection
	GlobalSection(ExtensibilityGlobals) = postSolution
		SolutionGuid = {DF74BF2C-1195-4986-BBBB-6CFCB7A25921}
	EndGlobalSection
EndGlobal
